
Microsoft Visual Studio Solution File, Format Version 12.00
# Visual Studio 15
VisualStudioVersion = 15.0.28010.2046
MinimumVisualStudioVersion = 10.0.40219.1
Project("{FAE04EC0-301F-11D3-BF4B-00C04F79EFBC}") = "SmartDormitary.Data", "SmartDormitary.Data\SmartDormitary.Data.csproj", "{C254EAFD-59D0-4400-B64A-6490AB95BC46}"
EndProject
Project("{FAE04EC0-301F-11D3-BF4B-00C04F79EFBC}") = "SmartDormitary.Services", "SmartDormitary.Services\SmartDormitary.Services.csproj", "{01BBB2B7-1890-4D1D-A943-0F52AAECFE6B}"
EndProject
Project("{FAE04EC0-301F-11D3-BF4B-00C04F79EFBC}") = "SmartDormitary", "SmartDormitary\SmartDormitary.csproj", "{D4399FEB-DCE3-4A9B-97C4-E4F26514ABEE}"
EndProject
Global
	GlobalSection(SolutionConfigurationPlatforms) = preSolution
		Debug|Any CPU = Debug|Any CPU
		Release|Any CPU = Release|Any CPU
	EndGlobalSection
	GlobalSection(ProjectConfigurationPlatforms) = postSolution
		{C254EAFD-59D0-4400-B64A-6490AB95BC46}.Debug|Any CPU.ActiveCfg = Debug|Any CPU
		{C254EAFD-59D0-4400-B64A-6490AB95BC46}.Debug|Any CPU.Build.0 = Debug|Any CPU
		{C254EAFD-59D0-4400-B64A-6490AB95BC46}.Release|Any CPU.ActiveCfg = Release|Any CPU
		{C254EAFD-59D0-4400-B64A-6490AB95BC46}.Release|Any CPU.Build.0 = Release|Any CPU
		{01BBB2B7-1890-4D1D-A943-0F52AAECFE6B}.Debug|Any CPU.ActiveCfg = Debug|Any CPU
		{01BBB2B7-1890-4D1D-A943-0F52AAECFE6B}.Debug|Any CPU.Build.0 = Debug|Any CPU
		{01BBB2B7-1890-4D1D-A943-0F52AAECFE6B}.Release|Any CPU.ActiveCfg = Release|Any CPU
		{01BBB2B7-1890-4D1D-A943-0F52AAECFE6B}.Release|Any CPU.Build.0 = Release|Any CPU
		{D4399FEB-DCE3-4A9B-97C4-E4F26514ABEE}.Debug|Any CPU.ActiveCfg = Debug|Any CPU
		{D4399FEB-DCE3-4A9B-97C4-E4F26514ABEE}.Debug|Any CPU.Build.0 = Debug|Any CPU
		{D4399FEB-DCE3-4A9B-97C4-E4F26514ABEE}.Release|Any CPU.ActiveCfg = Release|Any CPU
		{D4399FEB-DCE3-4A9B-97C4-E4F26514ABEE}.Release|Any CPU.Build.0 = Release|Any CPU
	EndGlobalSection
	GlobalSection(SolutionProperties) = preSolution
		HideSolutionNode = FALSE
	EndGlobalSection
	GlobalSection(ExtensibilityGlobals) = postSolution
		SolutionGuid = {ED632A4D-F13E-4E2F-B0D0-444D4BC99AE6}
	EndGlobalSection
EndGlobal
